// !$*UTF8*$!
{
	archiveVersion = 1;
	classes = {
	};
	objectVersion = 45;
	objects = {

/* Begin PBXBuildFile section */
		1D3623260D0F684500981E51 /* BattleMintsAppDelegate.m in Sources */ = {isa = PBXBuildFile; fileRef = 1D3623250D0F684500981E51 /* BattleMintsAppDelegate.m */; };
		1D60589B0D05DD56006BFB54 /* main.m in Sources */ = {isa = PBXBuildFile; fileRef = 29B97316FDCFA39411CA2CEA /* main.m */; };
		1D60589F0D05DD5A006BFB54 /* Foundation.framework in Frameworks */ = {isa = PBXBuildFile; fileRef = 1D30AB110D05D00D00671497 /* Foundation.framework */; };
		1DF5F4E00D08C38300B7A737 /* UIKit.framework in Frameworks */ = {isa = PBXBuildFile; fileRef = 1DF5F4DF0D08C38300B7A737 /* UIKit.framework */; };
		28AD733F0D9D9553002E5188 /* MainWindow.xib in Resources */ = {isa = PBXBuildFile; fileRef = 28AD733E0D9D9553002E5188 /* MainWindow.xib */; };
		28FD14FE0DC6FC130079059D /* BattleMintsView.m in Sources */ = {isa = PBXBuildFile; fileRef = 28FD14FD0DC6FC130079059D /* BattleMintsView.m */; };
		28FD15000DC6FC520079059D /* OpenGLES.framework in Frameworks */ = {isa = PBXBuildFile; fileRef = 28FD14FF0DC6FC520079059D /* OpenGLES.framework */; };
		28FD15080DC6FC5B0079059D /* QuartzCore.framework in Frameworks */ = {isa = PBXBuildFile; fileRef = 28FD15070DC6FC5B0079059D /* QuartzCore.framework */; };
		D81A115A0EBCD00800283428 /* grid.cpp in Sources */ = {isa = PBXBuildFile; fileRef = D81A11560EBCD00800283428 /* grid.cpp */; };
		D81A115B0EBCD00800283428 /* board.cpp in Sources */ = {isa = PBXBuildFile; fileRef = D81A11580EBCD00800283428 /* board.cpp */; };
		D81B5A3E0EB52192002A40E7 /* BattleMintsIcon.png in Resources */ = {isa = PBXBuildFile; fileRef = D81B5A3D0EB52192002A40E7 /* BattleMintsIcon.png */; };
		D81B5A880EB53F68002A40E7 /* battlemints.cpp in Sources */ = {isa = PBXBuildFile; fileRef = D81B5A870EB53F68002A40E7 /* battlemints.cpp */; };
		D81B5AAA0EB68108002A40E7 /* thing.cpp in Sources */ = {isa = PBXBuildFile; fileRef = D81B5AA80EB68108002A40E7 /* thing.cpp */; };
		D81B5AE70EB68693002A40E7 /* CoreGraphics.framework in Frameworks */ = {isa = PBXBuildFile; fileRef = D81B5AE60EB68693002A40E7 /* CoreGraphics.framework */; };
		D81B5BAB0EB7B43E002A40E7 /* collision.cpp in Sources */ = {isa = PBXBuildFile; fileRef = D81B5BA70EB7B43E002A40E7 /* collision.cpp */; };
		D81B5BAC0EB7B43E002A40E7 /* sphere.cpp in Sources */ = {isa = PBXBuildFile; fileRef = D81B5BA90EB7B43E002A40E7 /* sphere.cpp */; };
		D82BFAED0EBE801200E65BAF /* Default.png in Resources */ = {isa = PBXBuildFile; fileRef = D82BFAEC0EBE801200E65BAF /* Default.png */; };
		D82BFB550EBEE72B00E65BAF /* intro.cpp in Sources */ = {isa = PBXBuildFile; fileRef = D82BFB510EBEE72B00E65BAF /* intro.cpp */; };
		D82BFB560EBEE72B00E65BAF /* drawing.mm in Sources */ = {isa = PBXBuildFile; fileRef = D82BFB520EBEE72B00E65BAF /* drawing.mm */; };
		D82BFBAD0EBF7AFD00E65BAF /* controller.cpp in Sources */ = {isa = PBXBuildFile; fileRef = D82BFBAC0EBF7AFD00E65BAF /* controller.cpp */; };
		D82BFC550EC0D2AC00E65BAF /* wall.cpp in Sources */ = {isa = PBXBuildFile; fileRef = D82BFC540EC0D2AC00E65BAF /* wall.cpp */; };
		D82BFC920EC1829100E65BAF /* json_reader.cpp in Sources */ = {isa = PBXBuildFile; fileRef = D82BFC8A0EC1829100E65BAF /* json_reader.cpp */; };
		D82BFC930EC1829100E65BAF /* json_value.cpp in Sources */ = {isa = PBXBuildFile; fileRef = D82BFC8B0EC1829100E65BAF /* json_value.cpp */; };
		D82BFC950EC1829100E65BAF /* json_writer.cpp in Sources */ = {isa = PBXBuildFile; fileRef = D82BFC8D0EC1829100E65BAF /* json_writer.cpp */; };
		D84C29A70ED0F2540000DE73 /* enemy.cpp in Sources */ = {isa = PBXBuildFile; fileRef = D84C29A50ED0F2540000DE73 /* enemy.cpp */; };
		D84C2A050ED1F8360000DE73 /* exhaust.cpp in Sources */ = {isa = PBXBuildFile; fileRef = D84C2A040ED1F8360000DE73 /* exhaust.cpp */; };
		D84C2A830EDD1FBE0000DE73 /* sound_server.cpp in Sources */ = {isa = PBXBuildFile; fileRef = D84C2A820EDD1FBE0000DE73 /* sound_server.cpp */; };
		D84C2AB20EDD24180000DE73 /* OpenAL.framework in Frameworks */ = {isa = PBXBuildFile; fileRef = D84C2AB10EDD24180000DE73 /* OpenAL.framework */; };
		D86F03320EC4C274004F03F8 /* demo.board in Resources */ = {isa = PBXBuildFile; fileRef = D86F03310EC4C274004F03F8 /* demo.board */; };
		D86F03360EC4C292004F03F8 /* serialization.mm in Sources */ = {isa = PBXBuildFile; fileRef = D86F03340EC4C292004F03F8 /* serialization.mm */; };
		D86F03370EC4C292004F03F8 /* player.cpp in Sources */ = {isa = PBXBuildFile; fileRef = D86F03350EC4C292004F03F8 /* player.cpp */; };
/* End PBXBuildFile section */

/* Begin PBXFileReference section */
		1D30AB110D05D00D00671497 /* Foundation.framework */ = {isa = PBXFileReference; lastKnownFileType = wrapper.framework; name = Foundation.framework; path = System/Library/Frameworks/Foundation.framework; sourceTree = SDKROOT; };
		1D3623240D0F684500981E51 /* BattleMintsAppDelegate.h */ = {isa = PBXFileReference; fileEncoding = 4; lastKnownFileType = sourcecode.c.h; path = BattleMintsAppDelegate.h; sourceTree = "<group>"; };
		1D3623250D0F684500981E51 /* BattleMintsAppDelegate.m */ = {isa = PBXFileReference; fileEncoding = 4; lastKnownFileType = sourcecode.c.objc; path = BattleMintsAppDelegate.m; sourceTree = "<group>"; };
		1D6058910D05DD3D006BFB54 /* BattleMints.app */ = {isa = PBXFileReference; explicitFileType = wrapper.application; includeInIndex = 0; path = BattleMints.app; sourceTree = BUILT_PRODUCTS_DIR; };
		1DF5F4DF0D08C38300B7A737 /* UIKit.framework */ = {isa = PBXFileReference; lastKnownFileType = wrapper.framework; name = UIKit.framework; path = System/Library/Frameworks/UIKit.framework; sourceTree = SDKROOT; };
		28AD733E0D9D9553002E5188 /* MainWindow.xib */ = {isa = PBXFileReference; lastKnownFileType = file.xib; path = MainWindow.xib; sourceTree = "<group>"; };
		28FD14FC0DC6FC130079059D /* BattleMintsView.h */ = {isa = PBXFileReference; fileEncoding = 4; lastKnownFileType = sourcecode.c.h; path = BattleMintsView.h; sourceTree = "<group>"; };
		28FD14FD0DC6FC130079059D /* BattleMintsView.m */ = {isa = PBXFileReference; fileEncoding = 4; lastKnownFileType = sourcecode.c.objc; path = BattleMintsView.m; sourceTree = "<group>"; };
		28FD14FF0DC6FC520079059D /* OpenGLES.framework */ = {isa = PBXFileReference; lastKnownFileType = wrapper.framework; name = OpenGLES.framework; path = System/Library/Frameworks/OpenGLES.framework; sourceTree = SDKROOT; };
		28FD15070DC6FC5B0079059D /* QuartzCore.framework */ = {isa = PBXFileReference; lastKnownFileType = wrapper.framework; name = QuartzCore.framework; path = System/Library/Frameworks/QuartzCore.framework; sourceTree = SDKROOT; };
		29B97316FDCFA39411CA2CEA /* main.m */ = {isa = PBXFileReference; fileEncoding = 4; lastKnownFileType = sourcecode.c.objc; path = main.m; sourceTree = "<group>"; };
		32CA4F630368D1EE00C91783 /* BattleMints_Prefix.pch */ = {isa = PBXFileReference; fileEncoding = 4; lastKnownFileType = sourcecode.c.h; path = BattleMints_Prefix.pch; sourceTree = "<group>"; };
		8D1107310486CEB800E47090 /* Info.plist */ = {isa = PBXFileReference; fileEncoding = 4; lastKnownFileType = text.plist.xml; path = Info.plist; sourceTree = "<group>"; };
		D81A11560EBCD00800283428 /* grid.cpp */ = {isa = PBXFileReference; fileEncoding = 4; lastKnownFileType = sourcecode.cpp.cpp; path = grid.cpp; sourceTree = "<group>"; };
		D81A11570EBCD00800283428 /* grid.hpp */ = {isa = PBXFileReference; fileEncoding = 4; lastKnownFileType = sourcecode.cpp.h; path = grid.hpp; sourceTree = "<group>"; };
		D81A11580EBCD00800283428 /* board.cpp */ = {isa = PBXFileReference; fileEncoding = 4; lastKnownFileType = sourcecode.cpp.cpp; path = board.cpp; sourceTree = "<group>"; };
		D81A11590EBCD00800283428 /* board.hpp */ = {isa = PBXFileReference; fileEncoding = 4; lastKnownFileType = sourcecode.cpp.h; path = board.hpp; sourceTree = "<group>"; };
		D81B5A3D0EB52192002A40E7 /* BattleMintsIcon.png */ = {isa = PBXFileReference; lastKnownFileType = image.png; path = BattleMintsIcon.png; sourceTree = "<group>"; };
		D81B5A800EB53725002A40E7 /* battlemints.h */ = {isa = PBXFileReference; fileEncoding = 4; lastKnownFileType = sourcecode.c.h; path = battlemints.h; sourceTree = "<group>"; };
		D81B5A870EB53F68002A40E7 /* battlemints.cpp */ = {isa = PBXFileReference; fileEncoding = 4; lastKnownFileType = sourcecode.cpp.cpp; path = battlemints.cpp; sourceTree = "<group>"; };
		D81B5AA60EB68108002A40E7 /* game.hpp */ = {isa = PBXFileReference; fileEncoding = 4; lastKnownFileType = sourcecode.cpp.h; path = game.hpp; sourceTree = "<group>"; };
		D81B5AA70EB68108002A40E7 /* geom.hpp */ = {isa = PBXFileReference; fileEncoding = 4; lastKnownFileType = sourcecode.cpp.h; path = geom.hpp; sourceTree = "<group>"; };
		D81B5AA80EB68108002A40E7 /* thing.cpp */ = {isa = PBXFileReference; fileEncoding = 4; lastKnownFileType = sourcecode.cpp.cpp; path = thing.cpp; sourceTree = "<group>"; };
		D81B5AA90EB68108002A40E7 /* thing.hpp */ = {isa = PBXFileReference; fileEncoding = 4; lastKnownFileType = sourcecode.cpp.h; path = thing.hpp; sourceTree = "<group>"; };
		D81B5AE60EB68693002A40E7 /* CoreGraphics.framework */ = {isa = PBXFileReference; lastKnownFileType = wrapper.framework; name = CoreGraphics.framework; path = System/Library/Frameworks/CoreGraphics.framework; sourceTree = SDKROOT; };
		D81B5BA70EB7B43E002A40E7 /* collision.cpp */ = {isa = PBXFileReference; fileEncoding = 4; lastKnownFileType = sourcecode.cpp.cpp; path = collision.cpp; sourceTree = "<group>"; };
		D81B5BA80EB7B43E002A40E7 /* collision.hpp */ = {isa = PBXFileReference; fileEncoding = 4; lastKnownFileType = sourcecode.cpp.h; path = collision.hpp; sourceTree = "<group>"; };
		D81B5BA90EB7B43E002A40E7 /* sphere.cpp */ = {isa = PBXFileReference; fileEncoding = 4; lastKnownFileType = sourcecode.cpp.cpp; path = sphere.cpp; sourceTree = "<group>"; };
		D81B5BAA0EB7B43E002A40E7 /* sphere.hpp */ = {isa = PBXFileReference; fileEncoding = 4; lastKnownFileType = sourcecode.cpp.h; path = sphere.hpp; sourceTree = "<group>"; };
		D81B5CBF0EB82EF6002A40E7 /* player.hpp */ = {isa = PBXFileReference; fileEncoding = 4; lastKnownFileType = sourcecode.cpp.h; path = player.hpp; sourceTree = "<group>"; };
		D82BFAEC0EBE801200E65BAF /* Default.png */ = {isa = PBXFileReference; lastKnownFileType = image.png; path = Default.png; sourceTree = "<group>"; };
		D82BFB500EBEE72B00E65BAF /* intro.hpp */ = {isa = PBXFileReference; fileEncoding = 4; lastKnownFileType = sourcecode.cpp.h; path = intro.hpp; sourceTree = "<group>"; };
		D82BFB510EBEE72B00E65BAF /* intro.cpp */ = {isa = PBXFileReference; fileEncoding = 4; lastKnownFileType = sourcecode.cpp.cpp; path = intro.cpp; sourceTree = "<group>"; };
		D82BFB520EBEE72B00E65BAF /* drawing.mm */ = {isa = PBXFileReference; fileEncoding = 4; lastKnownFileType = sourcecode.cpp.objcpp; path = drawing.mm; sourceTree = "<group>"; };
		D82BFB530EBEE72B00E65BAF /* drawing.hpp */ = {isa = PBXFileReference; fileEncoding = 4; lastKnownFileType = sourcecode.cpp.h; path = drawing.hpp; sourceTree = "<group>"; };
		D82BFB540EBEE72B00E65BAF /* controller.hpp */ = {isa = PBXFileReference; fileEncoding = 4; lastKnownFileType = sourcecode.cpp.h; path = controller.hpp; sourceTree = "<group>"; };
		D82BFBAC0EBF7AFD00E65BAF /* controller.cpp */ = {isa = PBXFileReference; fileEncoding = 4; lastKnownFileType = sourcecode.cpp.cpp; path = controller.cpp; sourceTree = "<group>"; };
		D82BFC530EC0D2AC00E65BAF /* wall.hpp */ = {isa = PBXFileReference; fileEncoding = 4; lastKnownFileType = sourcecode.cpp.h; path = wall.hpp; sourceTree = "<group>"; };
		D82BFC540EC0D2AC00E65BAF /* wall.cpp */ = {isa = PBXFileReference; fileEncoding = 4; lastKnownFileType = sourcecode.cpp.cpp; path = wall.cpp; sourceTree = "<group>"; };
		D82BFC8A0EC1829100E65BAF /* json_reader.cpp */ = {isa = PBXFileReference; fileEncoding = 4; lastKnownFileType = sourcecode.cpp.cpp; path = json_reader.cpp; sourceTree = "<group>"; };
		D82BFC8B0EC1829100E65BAF /* json_value.cpp */ = {isa = PBXFileReference; fileEncoding = 4; lastKnownFileType = sourcecode.cpp.cpp; path = json_value.cpp; sourceTree = "<group>"; };
		D82BFC8D0EC1829100E65BAF /* json_writer.cpp */ = {isa = PBXFileReference; fileEncoding = 4; lastKnownFileType = sourcecode.cpp.cpp; path = json_writer.cpp; sourceTree = "<group>"; };
		D84C29A50ED0F2540000DE73 /* enemy.cpp */ = {isa = PBXFileReference; fileEncoding = 4; lastKnownFileType = sourcecode.cpp.cpp; path = enemy.cpp; sourceTree = "<group>"; };
		D84C29A60ED0F2540000DE73 /* enemy.hpp */ = {isa = PBXFileReference; fileEncoding = 4; lastKnownFileType = sourcecode.cpp.h; path = enemy.hpp; sourceTree = "<group>"; };
		D84C2A030ED1F8360000DE73 /* exhaust.hpp */ = {isa = PBXFileReference; fileEncoding = 4; lastKnownFileType = sourcecode.cpp.h; path = exhaust.hpp; sourceTree = "<group>"; };
		D84C2A040ED1F8360000DE73 /* exhaust.cpp */ = {isa = PBXFileReference; fileEncoding = 4; lastKnownFileType = sourcecode.cpp.cpp; path = exhaust.cpp; sourceTree = "<group>"; };
		D84C2A810EDD1FBE0000DE73 /* sound_server.hpp */ = {isa = PBXFileReference; fileEncoding = 4; lastKnownFileType = sourcecode.cpp.h; path = sound_server.hpp; sourceTree = "<group>"; };
		D84C2A820EDD1FBE0000DE73 /* sound_server.cpp */ = {isa = PBXFileReference; fileEncoding = 4; lastKnownFileType = sourcecode.cpp.cpp; path = sound_server.cpp; sourceTree = "<group>"; };
		D84C2A870EDD20760000DE73 /* synth.hpp */ = {isa = PBXFileReference; fileEncoding = 4; lastKnownFileType = sourcecode.cpp.h; path = synth.hpp; sourceTree = "<group>"; };
		D84C2AB10EDD24180000DE73 /* OpenAL.framework */ = {isa = PBXFileReference; lastKnownFileType = wrapper.framework; name = OpenAL.framework; path = System/Library/Frameworks/OpenAL.framework; sourceTree = SDKROOT; };
		D86F03310EC4C274004F03F8 /* demo.board */ = {isa = PBXFileReference; fileEncoding = 4; lastKnownFileType = text; path = demo.board; sourceTree = "<group>"; };
		D86F03330EC4C292004F03F8 /* serialization.hpp */ = {isa = PBXFileReference; fileEncoding = 4; lastKnownFileType = sourcecode.cpp.h; path = serialization.hpp; sourceTree = "<group>"; };
		D86F03340EC4C292004F03F8 /* serialization.mm */ = {isa = PBXFileReference; fileEncoding = 4; lastKnownFileType = sourcecode.cpp.objcpp; path = serialization.mm; sourceTree = "<group>"; };
		D86F03350EC4C292004F03F8 /* player.cpp */ = {isa = PBXFileReference; fileEncoding = 4; lastKnownFileType = sourcecode.cpp.cpp; path = player.cpp; sourceTree = "<group>"; };
/* End PBXFileReference section */

/* Begin PBXFrameworksBuildPhase section */
		1D60588F0D05DD3D006BFB54 /* Frameworks */ = {
			isa = PBXFrameworksBuildPhase;
			buildActionMask = 2147483647;
			files = (
				1D60589F0D05DD5A006BFB54 /* Foundation.framework in Frameworks */,
				1DF5F4E00D08C38300B7A737 /* UIKit.framework in Frameworks */,
				28FD15000DC6FC520079059D /* OpenGLES.framework in Frameworks */,
				28FD15080DC6FC5B0079059D /* QuartzCore.framework in Frameworks */,
				D81B5AE70EB68693002A40E7 /* CoreGraphics.framework in Frameworks */,
				D84C2AB20EDD24180000DE73 /* OpenAL.framework in Frameworks */,
			);
			runOnlyForDeploymentPostprocessing = 0;
		};
/* End PBXFrameworksBuildPhase section */

/* Begin PBXGroup section */
		080E96DDFE201D6D7F000001 /* Classes */ = {
			isa = PBXGroup;
			children = (
				28FD14FC0DC6FC130079059D /* BattleMintsView.h */,
				28FD14FD0DC6FC130079059D /* BattleMintsView.m */,
				1D3623240D0F684500981E51 /* BattleMintsAppDelegate.h */,
				1D3623250D0F684500981E51 /* BattleMintsAppDelegate.m */,
			);
			path = Classes;
			sourceTree = "<group>";
		};
		19C28FACFE9D520D11CA2CBB /* Products */ = {
			isa = PBXGroup;
			children = (
				1D6058910D05DD3D006BFB54 /* BattleMints.app */,
			);
			name = Products;
			sourceTree = "<group>";
		};
		29B97314FDCFA39411CA2CEA /* CustomTemplate */ = {
			isa = PBXGroup;
			children = (
				080E96DDFE201D6D7F000001 /* Classes */,
				29B97315FDCFA39411CA2CEA /* Other Sources */,
				29B97317FDCFA39411CA2CEA /* Resources */,
				29B97323FDCFA39411CA2CEA /* Frameworks */,
				19C28FACFE9D520D11CA2CBB /* Products */,
			);
			name = CustomTemplate;
			sourceTree = "<group>";
		};
		29B97315FDCFA39411CA2CEA /* Other Sources */ = {
			isa = PBXGroup;
			children = (
				D82BFC860EC1829100E65BAF /* lib_json */,
				32CA4F630368D1EE00C91783 /* BattleMints_Prefix.pch */,
				29B97316FDCFA39411CA2CEA /* main.m */,
				D81B5A800EB53725002A40E7 /* battlemints.h */,
				D81B5A870EB53F68002A40E7 /* battlemints.cpp */,
				D81B5AA60EB68108002A40E7 /* game.hpp */,
				D81B5AA70EB68108002A40E7 /* geom.hpp */,
				D81B5AA80EB68108002A40E7 /* thing.cpp */,
				D81B5AA90EB68108002A40E7 /* thing.hpp */,
				D81B5BA70EB7B43E002A40E7 /* collision.cpp */,
				D81B5BA80EB7B43E002A40E7 /* collision.hpp */,
				D81B5BA90EB7B43E002A40E7 /* sphere.cpp */,
				D81B5BAA0EB7B43E002A40E7 /* sphere.hpp */,
				D86F03350EC4C292004F03F8 /* player.cpp */,
				D81B5CBF0EB82EF6002A40E7 /* player.hpp */,
				D81A11560EBCD00800283428 /* grid.cpp */,
				D81A11570EBCD00800283428 /* grid.hpp */,
				D81A11580EBCD00800283428 /* board.cpp */,
				D81A11590EBCD00800283428 /* board.hpp */,
				D82BFB500EBEE72B00E65BAF /* intro.hpp */,
				D82BFB510EBEE72B00E65BAF /* intro.cpp */,
				D82BFB520EBEE72B00E65BAF /* drawing.mm */,
				D82BFB530EBEE72B00E65BAF /* drawing.hpp */,
				D82BFB540EBEE72B00E65BAF /* controller.hpp */,
				D82BFBAC0EBF7AFD00E65BAF /* controller.cpp */,
				D82BFC530EC0D2AC00E65BAF /* wall.hpp */,
				D82BFC540EC0D2AC00E65BAF /* wall.cpp */,
				D86F03330EC4C292004F03F8 /* serialization.hpp */,
				D86F03340EC4C292004F03F8 /* serialization.mm */,
				D84C29A50ED0F2540000DE73 /* enemy.cpp */,
				D84C29A60ED0F2540000DE73 /* enemy.hpp */,
				D84C2A030ED1F8360000DE73 /* exhaust.hpp */,
				D84C2A040ED1F8360000DE73 /* exhaust.cpp */,
				D84C2A810EDD1FBE0000DE73 /* sound_server.hpp */,
				D84C2A820EDD1FBE0000DE73 /* sound_server.cpp */,
				D84C2A870EDD20760000DE73 /* synth.hpp */,
			);
			name = "Other Sources";
			sourceTree = "<group>";
		};
		29B97317FDCFA39411CA2CEA /* Resources */ = {
			isa = PBXGroup;
			children = (
				D86F03310EC4C274004F03F8 /* demo.board */,
				D82BFAEC0EBE801200E65BAF /* Default.png */,
				D81B5A3D0EB52192002A40E7 /* BattleMintsIcon.png */,
				28AD733E0D9D9553002E5188 /* MainWindow.xib */,
				8D1107310486CEB800E47090 /* Info.plist */,
			);
			name = Resources;
			sourceTree = "<group>";
		};
		29B97323FDCFA39411CA2CEA /* Frameworks */ = {
			isa = PBXGroup;
			children = (
				D84C2AB10EDD24180000DE73 /* OpenAL.framework */,
				D81B5AE60EB68693002A40E7 /* CoreGraphics.framework */,
				28FD15070DC6FC5B0079059D /* QuartzCore.framework */,
				28FD14FF0DC6FC520079059D /* OpenGLES.framework */,
				1DF5F4DF0D08C38300B7A737 /* UIKit.framework */,
				1D30AB110D05D00D00671497 /* Foundation.framework */,
			);
			name = Frameworks;
			sourceTree = "<group>";
		};
		D82BFC860EC1829100E65BAF /* lib_json */ = {
			isa = PBXGroup;
			children = (
				D82BFC8A0EC1829100E65BAF /* json_reader.cpp */,
				D82BFC8B0EC1829100E65BAF /* json_value.cpp */,
				D82BFC8D0EC1829100E65BAF /* json_writer.cpp */,
			);
			name = lib_json;
			path = jsoncpp/src/lib_json;
			sourceTree = "<group>";
		};
/* End PBXGroup section */

/* Begin PBXNativeTarget section */
		1D6058900D05DD3D006BFB54 /* BattleMints */ = {
			isa = PBXNativeTarget;
			buildConfigurationList = 1D6058960D05DD3E006BFB54 /* Build configuration list for PBXNativeTarget "BattleMints" */;
			buildPhases = (
				1D60588D0D05DD3D006BFB54 /* Resources */,
				1D60588E0D05DD3D006BFB54 /* Sources */,
				1D60588F0D05DD3D006BFB54 /* Frameworks */,
			);
			buildRules = (
			);
			dependencies = (
			);
			name = BattleMints;
			productName = BattleMints;
			productReference = 1D6058910D05DD3D006BFB54 /* BattleMints.app */;
			productType = "com.apple.product-type.application";
		};
/* End PBXNativeTarget section */

/* Begin PBXProject section */
		29B97313FDCFA39411CA2CEA /* Project object */ = {
			isa = PBXProject;
			buildConfigurationList = C01FCF4E08A954540054247B /* Build configuration list for PBXProject "BattleMints" */;
			compatibilityVersion = "Xcode 3.1";
			hasScannedForEncodings = 1;
			mainGroup = 29B97314FDCFA39411CA2CEA /* CustomTemplate */;
			projectDirPath = "";
			projectRoot = "";
			targets = (
				1D6058900D05DD3D006BFB54 /* BattleMints */,
			);
		};
/* End PBXProject section */

/* Begin PBXResourcesBuildPhase section */
		1D60588D0D05DD3D006BFB54 /* Resources */ = {
			isa = PBXResourcesBuildPhase;
			buildActionMask = 2147483647;
			files = (
				28AD733F0D9D9553002E5188 /* MainWindow.xib in Resources */,
				D81B5A3E0EB52192002A40E7 /* BattleMintsIcon.png in Resources */,
				D82BFAED0EBE801200E65BAF /* Default.png in Resources */,
				D86F03320EC4C274004F03F8 /* demo.board in Resources */,
			);
			runOnlyForDeploymentPostprocessing = 0;
		};
/* End PBXResourcesBuildPhase section */

/* Begin PBXSourcesBuildPhase section */
		1D60588E0D05DD3D006BFB54 /* Sources */ = {
			isa = PBXSourcesBuildPhase;
			buildActionMask = 2147483647;
			files = (
				1D60589B0D05DD56006BFB54 /* main.m in Sources */,
				1D3623260D0F684500981E51 /* BattleMintsAppDelegate.m in Sources */,
				28FD14FE0DC6FC130079059D /* BattleMintsView.m in Sources */,
				D81B5A880EB53F68002A40E7 /* battlemints.cpp in Sources */,
				D81B5AAA0EB68108002A40E7 /* thing.cpp in Sources */,
				D81B5BAB0EB7B43E002A40E7 /* collision.cpp in Sources */,
				D81B5BAC0EB7B43E002A40E7 /* sphere.cpp in Sources */,
				D81A115A0EBCD00800283428 /* grid.cpp in Sources */,
				D81A115B0EBCD00800283428 /* board.cpp in Sources */,
				D82BFB550EBEE72B00E65BAF /* intro.cpp in Sources */,
				D82BFB560EBEE72B00E65BAF /* drawing.mm in Sources */,
				D82BFBAD0EBF7AFD00E65BAF /* controller.cpp in Sources */,
				D82BFC550EC0D2AC00E65BAF /* wall.cpp in Sources */,
				D82BFC920EC1829100E65BAF /* json_reader.cpp in Sources */,
				D82BFC930EC1829100E65BAF /* json_value.cpp in Sources */,
				D82BFC950EC1829100E65BAF /* json_writer.cpp in Sources */,
				D86F03360EC4C292004F03F8 /* serialization.mm in Sources */,
				D86F03370EC4C292004F03F8 /* player.cpp in Sources */,
				D84C29A70ED0F2540000DE73 /* enemy.cpp in Sources */,
				D84C2A050ED1F8360000DE73 /* exhaust.cpp in Sources */,
				D84C2A830EDD1FBE0000DE73 /* sound_server.cpp in Sources */,
			);
			runOnlyForDeploymentPostprocessing = 0;
		};
/* End PBXSourcesBuildPhase section */

/* Begin XCBuildConfiguration section */
		1D6058940D05DD3E006BFB54 /* Debug */ = {
			isa = XCBuildConfiguration;
			buildSettings = {
				ALWAYS_SEARCH_USER_PATHS = NO;
				"CODE_SIGN_IDENTITY[sdk=iphoneos*]" = "iPhone Developer: Joseph Groff";
				COPY_PHASE_STRIP = NO;
				GCC_DYNAMIC_NO_PIC = NO;
				GCC_OPTIMIZATION_LEVEL = 3;
				GCC_PRECOMPILE_PREFIX_HEADER = YES;
				GCC_PREFIX_HEADER = BattleMints_Prefix.pch;
				GCC_THUMB_SUPPORT = NO;
				HEADER_SEARCH_PATHS = (
					jsoncpp/include,
					/opt/local/include,
				);
				INFOPLIST_FILE = Info.plist;
				PRODUCT_NAME = BattleMints;
				"PROVISIONING_PROFILE[sdk=iphoneos*]" = "ECE15B39-2B54-4E1E-9AEB-F55D516D2552";
				SDKROOT = iphoneos2.1;
			};
			name = Debug;
		};
		1D6058950D05DD3E006BFB54 /* Release */ = {
			isa = XCBuildConfiguration;
			buildSettings = {
				ALWAYS_SEARCH_USER_PATHS = NO;
				"CODE_SIGN_IDENTITY[sdk=iphoneos*]" = "iPhone Developer: Joseph Groff";
				COPY_PHASE_STRIP = YES;
				GCC_PRECOMPILE_PREFIX_HEADER = YES;
				GCC_PREFIX_HEADER = BattleMints_Prefix.pch;
				HEADER_SEARCH_PATHS = /opt/local/include;
				INFOPLIST_FILE = Info.plist;
				PRODUCT_NAME = BattleMints;
				"PROVISIONING_PROFILE[sdk=iphoneos*]" = "F93013A9-B6C9-42A0-9382-C693EFE708EC";
			};
			name = Release;
		};
		C01FCF4F08A954540054247B /* Debug */ = {
			isa = XCBuildConfiguration;
			buildSettings = {
				ARCHS = "$(ARCHS_STANDARD_32_BIT)";
				GCC_C_LANGUAGE_STANDARD = c99;
				GCC_WARN_ABOUT_RETURN_TYPE = YES;
				GCC_WARN_UNUSED_VARIABLE = YES;
				ONLY_ACTIVE_ARCH = YES;
				PREBINDING = NO;
				SDKROOT = iphonesimulator2.1;
			};
			name = Debug;
		};
		C01FCF5008A954540054247B /* Release */ = {
			isa = XCBuildConfiguration;
			buildSettings = {
				ARCHS = "$(ARCHS_STANDARD_32_BIT)";
				"CODE_SIGN_IDENTITY[sdk=iphoneos*]" = "iPhone Developer";
				GCC_C_LANGUAGE_STANDARD = c99;
				GCC_WARN_ABOUT_RETURN_TYPE = YES;
				GCC_WARN_UNUSED_VARIABLE = YES;
				PREBINDING = NO;
				SDKROOT = iphoneos2.1;
			};
			name = Release;
		};
/* End XCBuildConfiguration section */

/* Begin XCConfigurationList section */
		1D6058960D05DD3E006BFB54 /* Build configuration list for PBXNativeTarget "BattleMints" */ = {
			isa = XCConfigurationList;
			buildConfigurations = (
				1D6058940D05DD3E006BFB54 /* Debug */,
				1D6058950D05DD3E006BFB54 /* Release */,
			);
			defaultConfigurationIsVisible = 0;
			defaultConfigurationName = Release;
		};
		C01FCF4E08A954540054247B /* Build configuration list for PBXProject "BattleMints" */ = {
			isa = XCConfigurationList;
			buildConfigurations = (
				C01FCF4F08A954540054247B /* Debug */,
				C01FCF5008A954540054247B /* Release */,
			);
			defaultConfigurationIsVisible = 0;
			defaultConfigurationName = Release;
		};
/* End XCConfigurationList section */
	};
	rootObject = 29B97313FDCFA39411CA2CEA /* Project object */;
}
