// !$*UTF8*$!
{
	archiveVersion = 1;
	classes = {
	};
	objectVersion = 45;
	objects = {

/* Begin PBXBuildFile section */
		1D3623260D0F684500981E51 /* BattleMintsAppDelegate.m in Sources */ = {isa = PBXBuildFile; fileRef = 1D3623250D0F684500981E51 /* BattleMintsAppDelegate.m */; };
		1D60589B0D05DD56006BFB54 /* main.m in Sources */ = {isa = PBXBuildFile; fileRef = 29B97316FDCFA39411CA2CEA /* main.m */; };
		1D60589F0D05DD5A006BFB54 /* Foundation.framework in Frameworks */ = {isa = PBXBuildFile; fileRef = 1D30AB110D05D00D00671497 /* Foundation.framework */; };
		1DF5F4E00D08C38300B7A737 /* UIKit.framework in Frameworks */ = {isa = PBXBuildFile; fileRef = 1DF5F4DF0D08C38300B7A737 /* UIKit.framework */; };
		28AD733F0D9D9553002E5188 /* MainWindow.xib in Resources */ = {isa = PBXBuildFile; fileRef = 28AD733E0D9D9553002E5188 /* MainWindow.xib */; };
		28FD14FE0DC6FC130079059D /* BattleMintsView.m in Sources */ = {isa = PBXBuildFile; fileRef = 28FD14FD0DC6FC130079059D /* BattleMintsView.m */; };
		28FD15000DC6FC520079059D /* OpenGLES.framework in Frameworks */ = {isa = PBXBuildFile; fileRef = 28FD14FF0DC6FC520079059D /* OpenGLES.framework */; };
		28FD15080DC6FC5B0079059D /* QuartzCore.framework in Frameworks */ = {isa = PBXBuildFile; fileRef = 28FD15070DC6FC5B0079059D /* QuartzCore.framework */; };
		D8040BFE0F3A583400EE5D8B /* tiles.cpp in Sources */ = {isa = PBXBuildFile; fileRef = D8040BFD0F3A583400EE5D8B /* tiles.cpp */; };
		D8122CEA0EE10BD400A0AD25 /* sound_effects.cpp in Sources */ = {isa = PBXBuildFile; fileRef = D8122CE90EE10BD400A0AD25 /* sound_effects.cpp */; };
		D8122E7C0EE9C5AC00A0AD25 /* game.cpp in Sources */ = {isa = PBXBuildFile; fileRef = D8122E7B0EE9C5AC00A0AD25 /* game.cpp */; };
		D81A115A0EBCD00800283428 /* grid.cpp in Sources */ = {isa = PBXBuildFile; fileRef = D81A11560EBCD00800283428 /* grid.cpp */; };
		D81A115B0EBCD00800283428 /* board.cpp in Sources */ = {isa = PBXBuildFile; fileRef = D81A11580EBCD00800283428 /* board.cpp */; };
		D81B5A3E0EB52192002A40E7 /* BattleMintsIcon.png in Resources */ = {isa = PBXBuildFile; fileRef = D81B5A3D0EB52192002A40E7 /* BattleMintsIcon.png */; };
		D81B5A880EB53F68002A40E7 /* battlemints.cpp in Sources */ = {isa = PBXBuildFile; fileRef = D81B5A870EB53F68002A40E7 /* battlemints.cpp */; };
		D81B5AE70EB68693002A40E7 /* CoreGraphics.framework in Frameworks */ = {isa = PBXBuildFile; fileRef = D81B5AE60EB68693002A40E7 /* CoreGraphics.framework */; };
		D81B5BAB0EB7B43E002A40E7 /* collision.cpp in Sources */ = {isa = PBXBuildFile; fileRef = D81B5BA70EB7B43E002A40E7 /* collision.cpp */; };
		D82BFAED0EBE801200E65BAF /* Default.png in Resources */ = {isa = PBXBuildFile; fileRef = D82BFAEC0EBE801200E65BAF /* Default.png */; };
		D82BFB550EBEE72B00E65BAF /* intro.cpp in Sources */ = {isa = PBXBuildFile; fileRef = D82BFB510EBEE72B00E65BAF /* intro.cpp */; };
		D82BFB560EBEE72B00E65BAF /* drawing.mm in Sources */ = {isa = PBXBuildFile; fileRef = D82BFB520EBEE72B00E65BAF /* drawing.mm */; };
		D82BFBAD0EBF7AFD00E65BAF /* controller.cpp in Sources */ = {isa = PBXBuildFile; fileRef = D82BFBAC0EBF7AFD00E65BAF /* controller.cpp */; };
		D82BFC920EC1829100E65BAF /* json_reader.cpp in Sources */ = {isa = PBXBuildFile; fileRef = D82BFC8A0EC1829100E65BAF /* json_reader.cpp */; };
		D82BFC930EC1829100E65BAF /* json_value.cpp in Sources */ = {isa = PBXBuildFile; fileRef = D82BFC8B0EC1829100E65BAF /* json_value.cpp */; };
		D82BFC950EC1829100E65BAF /* json_writer.cpp in Sources */ = {isa = PBXBuildFile; fileRef = D82BFC8D0EC1829100E65BAF /* json_writer.cpp */; };
		D84C2A830EDD1FBE0000DE73 /* sound_server.cpp in Sources */ = {isa = PBXBuildFile; fileRef = D84C2A820EDD1FBE0000DE73 /* sound_server.cpp */; };
		D84C2AB20EDD24180000DE73 /* OpenAL.framework in Frameworks */ = {isa = PBXBuildFile; fileRef = D84C2AB10EDD24180000DE73 /* OpenAL.framework */; };
		D86F03360EC4C292004F03F8 /* serialization.mm in Sources */ = {isa = PBXBuildFile; fileRef = D86F03340EC4C292004F03F8 /* serialization.mm */; };
		D8A2F3FB0F609A8700583C9A /* tail.board in Resources */ = {isa = PBXBuildFile; fileRef = D8A2F3FA0F609A8700583C9A /* tail.board */; };
		D8A2F4210F62F47A00583C9A /* level2.board in Resources */ = {isa = PBXBuildFile; fileRef = D8A2F4200F62F47A00583C9A /* level2.board */; };
		D8B2722B0F09D89C001844D6 /* rply.c in Sources */ = {isa = PBXBuildFile; fileRef = D8B272290F09D89C001844D6 /* rply.c */; };
		D8B272510F09DDBE001844D6 /* board_loader.mm in Sources */ = {isa = PBXBuildFile; fileRef = D8B272500F09DDBE001844D6 /* board_loader.mm */; };
		D8B272C20F0C8A89001844D6 /* dramatis_personae.cpp in Sources */ = {isa = PBXBuildFile; fileRef = D8B272C00F0C8A89001844D6 /* dramatis_personae.cpp */; };
		D8B272D20F0C8FFC001844D6 /* thing.cpp in Sources */ = {isa = PBXBuildFile; fileRef = D8B272D10F0C8FFC001844D6 /* thing.cpp */; };
		D8B272FF0F0D4C32001844D6 /* particles.cpp in Sources */ = {isa = PBXBuildFile; fileRef = D8B272FD0F0D4C32001844D6 /* particles.cpp */; };
		D8B2743C0F14195D001844D6 /* Entitlements.plist in Resources */ = {isa = PBXBuildFile; fileRef = D8B2743B0F14195D001844D6 /* Entitlements.plist */; };
		D8B2744D0F142B5E001844D6 /* player.png in Resources */ = {isa = PBXBuildFile; fileRef = D8B2744C0F142B5E001844D6 /* player.png */; };
		D8B274DF0F145DF1001844D6 /* mini.png in Resources */ = {isa = PBXBuildFile; fileRef = D8B274DE0F145DF1001844D6 /* mini.png */; };
		D8B274F70F148797001844D6 /* mega.png in Resources */ = {isa = PBXBuildFile; fileRef = D8B274F60F148797001844D6 /* mega.png */; };
		D8EA4CA20F4DB71E0077124F /* renderers.cpp in Sources */ = {isa = PBXBuildFile; fileRef = D8EA4CA00F4DB71E0077124F /* renderers.cpp */; };
		D8F80CD80F05DC62002ACC03 /* transition.cpp in Sources */ = {isa = PBXBuildFile; fileRef = D8F80CD60F05DC62002ACC03 /* transition.cpp */; };
		D8F80CF10F071FB7002ACC03 /* ply_file.cpp in Sources */ = {isa = PBXBuildFile; fileRef = D8F80CEF0F071FB7002ACC03 /* ply_file.cpp */; };
		D8FA4F1C0F5F195200FC3C4F /* decorations.cpp in Sources */ = {isa = PBXBuildFile; fileRef = D8FA4F190F5F195200FC3C4F /* decorations.cpp */; };
		D8FA4F1D0F5F195200FC3C4F /* tripwire.cpp in Sources */ = {isa = PBXBuildFile; fileRef = D8FA4F1B0F5F195200FC3C4F /* tripwire.cpp */; };
		D8FA4F500F5F359E00FC3C4F /* walls.cpp in Sources */ = {isa = PBXBuildFile; fileRef = D8FA4F4F0F5F359E00FC3C4F /* walls.cpp */; };
		D8FA4F5C0F5F404000FC3C4F /* hub.board in Resources */ = {isa = PBXBuildFile; fileRef = D8FA4F5A0F5F404000FC3C4F /* hub.board */; };
		D8FA4F5D0F5F404000FC3C4F /* level1.board in Resources */ = {isa = PBXBuildFile; fileRef = D8FA4F5B0F5F404000FC3C4F /* level1.board */; };
		D8FA4FD70F5F7A5500FC3C4F /* signs.png in Resources */ = {isa = PBXBuildFile; fileRef = D8FA4FD60F5F7A5500FC3C4F /* signs.png */; };
/* End PBXBuildFile section */

/* Begin PBXFileReference section */
		1D30AB110D05D00D00671497 /* Foundation.framework */ = {isa = PBXFileReference; lastKnownFileType = wrapper.framework; name = Foundation.framework; path = System/Library/Frameworks/Foundation.framework; sourceTree = SDKROOT; };
		1D3623240D0F684500981E51 /* BattleMintsAppDelegate.h */ = {isa = PBXFileReference; fileEncoding = 4; lastKnownFileType = sourcecode.c.h; path = BattleMintsAppDelegate.h; sourceTree = "<group>"; };
		1D3623250D0F684500981E51 /* BattleMintsAppDelegate.m */ = {isa = PBXFileReference; fileEncoding = 4; lastKnownFileType = sourcecode.c.objc; path = BattleMintsAppDelegate.m; sourceTree = "<group>"; };
		1D6058910D05DD3D006BFB54 /* BattleMints.app */ = {isa = PBXFileReference; explicitFileType = wrapper.application; includeInIndex = 0; path = BattleMints.app; sourceTree = BUILT_PRODUCTS_DIR; };
		1DF5F4DF0D08C38300B7A737 /* UIKit.framework */ = {isa = PBXFileReference; lastKnownFileType = wrapper.framework; name = UIKit.framework; path = System/Library/Frameworks/UIKit.framework; sourceTree = SDKROOT; };
		28AD733E0D9D9553002E5188 /* MainWindow.xib */ = {isa = PBXFileReference; lastKnownFileType = file.xib; path = MainWindow.xib; sourceTree = "<group>"; };
		28FD14FC0DC6FC130079059D /* BattleMintsView.h */ = {isa = PBXFileReference; fileEncoding = 4; lastKnownFileType = sourcecode.c.h; path = BattleMintsView.h; sourceTree = "<group>"; };
		28FD14FD0DC6FC130079059D /* BattleMintsView.m */ = {isa = PBXFileReference; fileEncoding = 4; lastKnownFileType = sourcecode.c.objc; path = BattleMintsView.m; sourceTree = "<group>"; };
		28FD14FF0DC6FC520079059D /* OpenGLES.framework */ = {isa = PBXFileReference; lastKnownFileType = wrapper.framework; name = OpenGLES.framework; path = System/Library/Frameworks/OpenGLES.framework; sourceTree = SDKROOT; };
		28FD15070DC6FC5B0079059D /* QuartzCore.framework */ = {isa = PBXFileReference; lastKnownFileType = wrapper.framework; name = QuartzCore.framework; path = System/Library/Frameworks/QuartzCore.framework; sourceTree = SDKROOT; };
		29B97316FDCFA39411CA2CEA /* main.m */ = {isa = PBXFileReference; fileEncoding = 4; lastKnownFileType = sourcecode.c.objc; path = main.m; sourceTree = "<group>"; };
		32CA4F630368D1EE00C91783 /* BattleMints_Prefix.pch */ = {isa = PBXFileReference; fileEncoding = 4; lastKnownFileType = sourcecode.c.h; path = BattleMints_Prefix.pch; sourceTree = "<group>"; };
		8D1107310486CEB800E47090 /* Info.plist */ = {isa = PBXFileReference; fileEncoding = 4; lastKnownFileType = text.plist.xml; path = Info.plist; sourceTree = "<group>"; };
		D8040BFD0F3A583400EE5D8B /* tiles.cpp */ = {isa = PBXFileReference; fileEncoding = 4; lastKnownFileType = sourcecode.cpp.cpp; path = tiles.cpp; sourceTree = "<group>"; };
		D8122CE80EE10BD400A0AD25 /* sound_effects.hpp */ = {isa = PBXFileReference; fileEncoding = 4; lastKnownFileType = sourcecode.cpp.h; path = sound_effects.hpp; sourceTree = "<group>"; };
		D8122CE90EE10BD400A0AD25 /* sound_effects.cpp */ = {isa = PBXFileReference; fileEncoding = 4; lastKnownFileType = sourcecode.cpp.cpp; path = sound_effects.cpp; sourceTree = "<group>"; };
		D8122D770EE4EEF700A0AD25 /* tripwire.hpp */ = {isa = PBXFileReference; fileEncoding = 4; lastKnownFileType = sourcecode.cpp.h; path = tripwire.hpp; sourceTree = "<group>"; };
		D8122DED0EE9C0AC00A0AD25 /* synthtest.cpp */ = {isa = PBXFileReference; fileEncoding = 4; lastKnownFileType = sourcecode.cpp.cpp; path = synthtest.cpp; sourceTree = "<group>"; };
		D8122E7B0EE9C5AC00A0AD25 /* game.cpp */ = {isa = PBXFileReference; fileEncoding = 4; lastKnownFileType = sourcecode.cpp.cpp; path = game.cpp; sourceTree = "<group>"; };
		D81A11560EBCD00800283428 /* grid.cpp */ = {isa = PBXFileReference; fileEncoding = 4; lastKnownFileType = sourcecode.cpp.cpp; path = grid.cpp; sourceTree = "<group>"; };
		D81A11570EBCD00800283428 /* grid.hpp */ = {isa = PBXFileReference; fileEncoding = 4; lastKnownFileType = sourcecode.cpp.h; path = grid.hpp; sourceTree = "<group>"; };
		D81A11580EBCD00800283428 /* board.cpp */ = {isa = PBXFileReference; fileEncoding = 4; lastKnownFileType = sourcecode.cpp.cpp; path = board.cpp; sourceTree = "<group>"; };
		D81A11590EBCD00800283428 /* board.hpp */ = {isa = PBXFileReference; fileEncoding = 4; lastKnownFileType = sourcecode.cpp.h; path = board.hpp; sourceTree = "<group>"; };
		D81B5A3D0EB52192002A40E7 /* BattleMintsIcon.png */ = {isa = PBXFileReference; lastKnownFileType = image.png; path = BattleMintsIcon.png; sourceTree = "<group>"; };
		D81B5A800EB53725002A40E7 /* battlemints.h */ = {isa = PBXFileReference; fileEncoding = 4; lastKnownFileType = sourcecode.c.h; path = battlemints.h; sourceTree = "<group>"; };
		D81B5A870EB53F68002A40E7 /* battlemints.cpp */ = {isa = PBXFileReference; fileEncoding = 4; lastKnownFileType = sourcecode.cpp.cpp; path = battlemints.cpp; sourceTree = "<group>"; };
		D81B5AA60EB68108002A40E7 /* game.hpp */ = {isa = PBXFileReference; fileEncoding = 4; lastKnownFileType = sourcecode.cpp.h; path = game.hpp; sourceTree = "<group>"; };
		D81B5AA70EB68108002A40E7 /* geom.hpp */ = {isa = PBXFileReference; fileEncoding = 4; lastKnownFileType = sourcecode.cpp.h; path = geom.hpp; sourceTree = "<group>"; };
		D81B5AA90EB68108002A40E7 /* thing.hpp */ = {isa = PBXFileReference; fileEncoding = 4; lastKnownFileType = sourcecode.cpp.h; path = thing.hpp; sourceTree = "<group>"; };
		D81B5AE60EB68693002A40E7 /* CoreGraphics.framework */ = {isa = PBXFileReference; lastKnownFileType = wrapper.framework; name = CoreGraphics.framework; path = System/Library/Frameworks/CoreGraphics.framework; sourceTree = SDKROOT; };
		D81B5BA70EB7B43E002A40E7 /* collision.cpp */ = {isa = PBXFileReference; fileEncoding = 4; lastKnownFileType = sourcecode.cpp.cpp; path = collision.cpp; sourceTree = "<group>"; };
		D81B5BA80EB7B43E002A40E7 /* collision.hpp */ = {isa = PBXFileReference; fileEncoding = 4; lastKnownFileType = sourcecode.cpp.h; path = collision.hpp; sourceTree = "<group>"; };
		D82BFAEC0EBE801200E65BAF /* Default.png */ = {isa = PBXFileReference; lastKnownFileType = image.png; path = Default.png; sourceTree = "<group>"; };
		D82BFB500EBEE72B00E65BAF /* intro.hpp */ = {isa = PBXFileReference; fileEncoding = 4; lastKnownFileType = sourcecode.cpp.h; path = intro.hpp; sourceTree = "<group>"; };
		D82BFB510EBEE72B00E65BAF /* intro.cpp */ = {isa = PBXFileReference; fileEncoding = 4; lastKnownFileType = sourcecode.cpp.cpp; path = intro.cpp; sourceTree = "<group>"; };
		D82BFB520EBEE72B00E65BAF /* drawing.mm */ = {isa = PBXFileReference; fileEncoding = 4; lastKnownFileType = sourcecode.cpp.objcpp; path = drawing.mm; sourceTree = "<group>"; };
		D82BFB530EBEE72B00E65BAF /* drawing.hpp */ = {isa = PBXFileReference; fileEncoding = 4; lastKnownFileType = sourcecode.cpp.h; path = drawing.hpp; sourceTree = "<group>"; };
		D82BFB540EBEE72B00E65BAF /* controller.hpp */ = {isa = PBXFileReference; fileEncoding = 4; lastKnownFileType = sourcecode.cpp.h; path = controller.hpp; sourceTree = "<group>"; };
		D82BFBAC0EBF7AFD00E65BAF /* controller.cpp */ = {isa = PBXFileReference; fileEncoding = 4; lastKnownFileType = sourcecode.cpp.cpp; path = controller.cpp; sourceTree = "<group>"; };
		D82BFC8A0EC1829100E65BAF /* json_reader.cpp */ = {isa = PBXFileReference; fileEncoding = 4; lastKnownFileType = sourcecode.cpp.cpp; path = json_reader.cpp; sourceTree = "<group>"; };
		D82BFC8B0EC1829100E65BAF /* json_value.cpp */ = {isa = PBXFileReference; fileEncoding = 4; lastKnownFileType = sourcecode.cpp.cpp; path = json_value.cpp; sourceTree = "<group>"; };
		D82BFC8D0EC1829100E65BAF /* json_writer.cpp */ = {isa = PBXFileReference; fileEncoding = 4; lastKnownFileType = sourcecode.cpp.cpp; path = json_writer.cpp; sourceTree = "<group>"; };
		D832C37E0F34DF5D0077C7F3 /* tiles.hpp */ = {isa = PBXFileReference; fileEncoding = 4; lastKnownFileType = sourcecode.cpp.h; path = tiles.hpp; sourceTree = "<group>"; };
		D84C2A810EDD1FBE0000DE73 /* sound_server.hpp */ = {isa = PBXFileReference; fileEncoding = 4; lastKnownFileType = sourcecode.cpp.h; path = sound_server.hpp; sourceTree = "<group>"; };
		D84C2A820EDD1FBE0000DE73 /* sound_server.cpp */ = {isa = PBXFileReference; fileEncoding = 4; lastKnownFileType = sourcecode.cpp.cpp; path = sound_server.cpp; sourceTree = "<group>"; };
		D84C2A870EDD20760000DE73 /* synth.hpp */ = {isa = PBXFileReference; fileEncoding = 4; lastKnownFileType = sourcecode.cpp.h; path = synth.hpp; sourceTree = "<group>"; };
		D84C2AB10EDD24180000DE73 /* OpenAL.framework */ = {isa = PBXFileReference; lastKnownFileType = wrapper.framework; name = OpenAL.framework; path = System/Library/Frameworks/OpenAL.framework; sourceTree = SDKROOT; };
		D86F03330EC4C292004F03F8 /* serialization.hpp */ = {isa = PBXFileReference; fileEncoding = 4; lastKnownFileType = sourcecode.cpp.h; path = serialization.hpp; sourceTree = "<group>"; };
		D86F03340EC4C292004F03F8 /* serialization.mm */ = {isa = PBXFileReference; fileEncoding = 4; lastKnownFileType = sourcecode.cpp.objcpp; path = serialization.mm; sourceTree = "<group>"; };
		D8A2F3FA0F609A8700583C9A /* tail.board */ = {isa = PBXFileReference; fileEncoding = 4; lastKnownFileType = text; path = tail.board; sourceTree = "<group>"; };
		D8A2F4200F62F47A00583C9A /* level2.board */ = {isa = PBXFileReference; fileEncoding = 4; lastKnownFileType = text; path = level2.board; sourceTree = "<group>"; };
		D8B272290F09D89C001844D6 /* rply.c */ = {isa = PBXFileReference; fileEncoding = 4; lastKnownFileType = sourcecode.c.c; name = rply.c; path = rply/rply.c; sourceTree = "<group>"; };
		D8B2722A0F09D89C001844D6 /* rply.h */ = {isa = PBXFileReference; fileEncoding = 4; lastKnownFileType = sourcecode.c.h; name = rply.h; path = rply/rply.h; sourceTree = "<group>"; };
		D8B272500F09DDBE001844D6 /* board_loader.mm */ = {isa = PBXFileReference; fileEncoding = 4; lastKnownFileType = sourcecode.cpp.objcpp; path = board_loader.mm; sourceTree = "<group>"; };
		D8B272C00F0C8A89001844D6 /* dramatis_personae.cpp */ = {isa = PBXFileReference; fileEncoding = 4; lastKnownFileType = sourcecode.cpp.cpp; path = dramatis_personae.cpp; sourceTree = "<group>"; };
		D8B272C10F0C8A89001844D6 /* dramatis_personae.hpp */ = {isa = PBXFileReference; fileEncoding = 4; lastKnownFileType = sourcecode.cpp.h; path = dramatis_personae.hpp; sourceTree = "<group>"; };
		D8B272D10F0C8FFC001844D6 /* thing.cpp */ = {isa = PBXFileReference; fileEncoding = 4; lastKnownFileType = sourcecode.cpp.cpp; path = thing.cpp; sourceTree = "<group>"; };
		D8B272D60F0C918E001844D6 /* walls.hpp */ = {isa = PBXFileReference; fileEncoding = 4; lastKnownFileType = sourcecode.cpp.h; path = walls.hpp; sourceTree = "<group>"; };
		D8B272FD0F0D4C32001844D6 /* particles.cpp */ = {isa = PBXFileReference; fileEncoding = 4; lastKnownFileType = sourcecode.cpp.cpp; path = particles.cpp; sourceTree = "<group>"; };
		D8B272FE0F0D4C32001844D6 /* particles.hpp */ = {isa = PBXFileReference; fileEncoding = 4; lastKnownFileType = sourcecode.cpp.h; path = particles.hpp; sourceTree = "<group>"; };
		D8B2743B0F14195D001844D6 /* Entitlements.plist */ = {isa = PBXFileReference; fileEncoding = 4; lastKnownFileType = text.plist.xml; path = Entitlements.plist; sourceTree = "<group>"; };
		D8B2744C0F142B5E001844D6 /* player.png */ = {isa = PBXFileReference; lastKnownFileType = image.png; path = player.png; sourceTree = "<group>"; };
		D8B274DE0F145DF1001844D6 /* mini.png */ = {isa = PBXFileReference; lastKnownFileType = image.png; path = mini.png; sourceTree = "<group>"; };
		D8B274F60F148797001844D6 /* mega.png */ = {isa = PBXFileReference; lastKnownFileType = image.png; path = mega.png; sourceTree = "<group>"; };
		D8EA4CA00F4DB71E0077124F /* renderers.cpp */ = {isa = PBXFileReference; fileEncoding = 4; lastKnownFileType = sourcecode.cpp.cpp; path = renderers.cpp; sourceTree = "<group>"; };
		D8EA4CA10F4DB71E0077124F /* renderers.hpp */ = {isa = PBXFileReference; fileEncoding = 4; lastKnownFileType = sourcecode.cpp.h; path = renderers.hpp; sourceTree = "<group>"; };
		D8F80CD60F05DC62002ACC03 /* transition.cpp */ = {isa = PBXFileReference; fileEncoding = 4; lastKnownFileType = sourcecode.cpp.cpp; path = transition.cpp; sourceTree = "<group>"; };
		D8F80CD70F05DC62002ACC03 /* transition.hpp */ = {isa = PBXFileReference; fileEncoding = 4; lastKnownFileType = sourcecode.cpp.h; path = transition.hpp; sourceTree = "<group>"; };
		D8F80CE20F05F290002ACC03 /* board_loader.hpp */ = {isa = PBXFileReference; fileEncoding = 4; lastKnownFileType = sourcecode.cpp.h; path = board_loader.hpp; sourceTree = "<group>"; };
		D8F80CEF0F071FB7002ACC03 /* ply_file.cpp */ = {isa = PBXFileReference; fileEncoding = 4; lastKnownFileType = sourcecode.cpp.cpp; path = ply_file.cpp; sourceTree = "<group>"; };
		D8F80CF00F071FB7002ACC03 /* ply_file.hpp */ = {isa = PBXFileReference; fileEncoding = 4; lastKnownFileType = sourcecode.cpp.h; path = ply_file.hpp; sourceTree = "<group>"; };
		D8FA4F190F5F195200FC3C4F /* decorations.cpp */ = {isa = PBXFileReference; fileEncoding = 4; lastKnownFileType = sourcecode.cpp.cpp; path = decorations.cpp; sourceTree = "<group>"; };
		D8FA4F1A0F5F195200FC3C4F /* decorations.hpp */ = {isa = PBXFileReference; fileEncoding = 4; lastKnownFileType = sourcecode.cpp.h; path = decorations.hpp; sourceTree = "<group>"; };
		D8FA4F1B0F5F195200FC3C4F /* tripwire.cpp */ = {isa = PBXFileReference; fileEncoding = 4; lastKnownFileType = sourcecode.cpp.cpp; path = tripwire.cpp; sourceTree = "<group>"; };
		D8FA4F4F0F5F359E00FC3C4F /* walls.cpp */ = {isa = PBXFileReference; fileEncoding = 4; lastKnownFileType = sourcecode.cpp.cpp; path = walls.cpp; sourceTree = "<group>"; };
		D8FA4F5A0F5F404000FC3C4F /* hub.board */ = {isa = PBXFileReference; fileEncoding = 4; lastKnownFileType = text; path = hub.board; sourceTree = "<group>"; };
		D8FA4F5B0F5F404000FC3C4F /* level1.board */ = {isa = PBXFileReference; fileEncoding = 4; lastKnownFileType = text; path = level1.board; sourceTree = "<group>"; };
		D8FA4FD60F5F7A5500FC3C4F /* signs.png */ = {isa = PBXFileReference; lastKnownFileType = image.png; path = signs.png; sourceTree = "<group>"; };
/* End PBXFileReference section */

/* Begin PBXFrameworksBuildPhase section */
		1D60588F0D05DD3D006BFB54 /* Frameworks */ = {
			isa = PBXFrameworksBuildPhase;
			buildActionMask = 2147483647;
			files = (
				1D60589F0D05DD5A006BFB54 /* Foundation.framework in Frameworks */,
				1DF5F4E00D08C38300B7A737 /* UIKit.framework in Frameworks */,
				28FD15000DC6FC520079059D /* OpenGLES.framework in Frameworks */,
				28FD15080DC6FC5B0079059D /* QuartzCore.framework in Frameworks */,
				D81B5AE70EB68693002A40E7 /* CoreGraphics.framework in Frameworks */,
				D84C2AB20EDD24180000DE73 /* OpenAL.framework in Frameworks */,
			);
			runOnlyForDeploymentPostprocessing = 0;
		};
/* End PBXFrameworksBuildPhase section */

/* Begin PBXGroup section */
		080E96DDFE201D6D7F000001 /* Classes */ = {
			isa = PBXGroup;
			children = (
				28FD14FC0DC6FC130079059D /* BattleMintsView.h */,
				28FD14FD0DC6FC130079059D /* BattleMintsView.m */,
				1D3623240D0F684500981E51 /* BattleMintsAppDelegate.h */,
				1D3623250D0F684500981E51 /* BattleMintsAppDelegate.m */,
			);
			path = Classes;
			sourceTree = "<group>";
		};
		19C28FACFE9D520D11CA2CBB /* Products */ = {
			isa = PBXGroup;
			children = (
				1D6058910D05DD3D006BFB54 /* BattleMints.app */,
			);
			name = Products;
			sourceTree = "<group>";
		};
		29B97314FDCFA39411CA2CEA /* CustomTemplate */ = {
			isa = PBXGroup;
			children = (
				D8122DEC0EE9C08A00A0AD25 /* Test */,
				080E96DDFE201D6D7F000001 /* Classes */,
				29B97315FDCFA39411CA2CEA /* BattleMints */,
				29B97317FDCFA39411CA2CEA /* Resources */,
				29B97323FDCFA39411CA2CEA /* Frameworks */,
				19C28FACFE9D520D11CA2CBB /* Products */,
			);
			name = CustomTemplate;
			sourceTree = "<group>";
		};
		29B97315FDCFA39411CA2CEA /* BattleMints */ = {
			isa = PBXGroup;
			children = (
				D8FA4F4F0F5F359E00FC3C4F /* walls.cpp */,
				D8FA4F190F5F195200FC3C4F /* decorations.cpp */,
				D8FA4F1A0F5F195200FC3C4F /* decorations.hpp */,
				D8FA4F1B0F5F195200FC3C4F /* tripwire.cpp */,
				D8EA4CA00F4DB71E0077124F /* renderers.cpp */,
				D8EA4CA10F4DB71E0077124F /* renderers.hpp */,
				D8040BFD0F3A583400EE5D8B /* tiles.cpp */,
				D832C37E0F34DF5D0077C7F3 /* tiles.hpp */,
				D8B272FD0F0D4C32001844D6 /* particles.cpp */,
				D8B272FE0F0D4C32001844D6 /* particles.hpp */,
				D8B272D60F0C918E001844D6 /* walls.hpp */,
				D8B272C00F0C8A89001844D6 /* dramatis_personae.cpp */,
				D8B272C10F0C8A89001844D6 /* dramatis_personae.hpp */,
				D8B272500F09DDBE001844D6 /* board_loader.mm */,
				D82BFC860EC1829100E65BAF /* lib_json */,
				D8B272290F09D89C001844D6 /* rply.c */,
				D8B2722A0F09D89C001844D6 /* rply.h */,
				D8F80CEF0F071FB7002ACC03 /* ply_file.cpp */,
				D8F80CF00F071FB7002ACC03 /* ply_file.hpp */,
				D8F80CE20F05F290002ACC03 /* board_loader.hpp */,
				D8F80CD60F05DC62002ACC03 /* transition.cpp */,
				D8F80CD70F05DC62002ACC03 /* transition.hpp */,
				32CA4F630368D1EE00C91783 /* BattleMints_Prefix.pch */,
				29B97316FDCFA39411CA2CEA /* main.m */,
				D81B5A800EB53725002A40E7 /* battlemints.h */,
				D81B5A870EB53F68002A40E7 /* battlemints.cpp */,
				D81B5AA60EB68108002A40E7 /* game.hpp */,
				D8122E7B0EE9C5AC00A0AD25 /* game.cpp */,
				D81B5AA70EB68108002A40E7 /* geom.hpp */,
				D81B5AA90EB68108002A40E7 /* thing.hpp */,
				D8B272D10F0C8FFC001844D6 /* thing.cpp */,
				D81B5BA70EB7B43E002A40E7 /* collision.cpp */,
				D81B5BA80EB7B43E002A40E7 /* collision.hpp */,
				D81A11560EBCD00800283428 /* grid.cpp */,
				D81A11570EBCD00800283428 /* grid.hpp */,
				D81A11580EBCD00800283428 /* board.cpp */,
				D81A11590EBCD00800283428 /* board.hpp */,
				D82BFB500EBEE72B00E65BAF /* intro.hpp */,
				D82BFB510EBEE72B00E65BAF /* intro.cpp */,
				D82BFB520EBEE72B00E65BAF /* drawing.mm */,
				D82BFB530EBEE72B00E65BAF /* drawing.hpp */,
				D82BFB540EBEE72B00E65BAF /* controller.hpp */,
				D82BFBAC0EBF7AFD00E65BAF /* controller.cpp */,
				D86F03330EC4C292004F03F8 /* serialization.hpp */,
				D86F03340EC4C292004F03F8 /* serialization.mm */,
				D84C2A810EDD1FBE0000DE73 /* sound_server.hpp */,
				D84C2A820EDD1FBE0000DE73 /* sound_server.cpp */,
				D8122CE80EE10BD400A0AD25 /* sound_effects.hpp */,
				D8122CE90EE10BD400A0AD25 /* sound_effects.cpp */,
				D84C2A870EDD20760000DE73 /* synth.hpp */,
				D8122D770EE4EEF700A0AD25 /* tripwire.hpp */,
			);
			name = BattleMints;
			sourceTree = "<group>";
		};
		29B97317FDCFA39411CA2CEA /* Resources */ = {
			isa = PBXGroup;
			children = (
				D8A2F4200F62F47A00583C9A /* level2.board */,
				D8A2F3FA0F609A8700583C9A /* tail.board */,
				D8FA4FD60F5F7A5500FC3C4F /* signs.png */,
				D8FA4F5A0F5F404000FC3C4F /* hub.board */,
				D8FA4F5B0F5F404000FC3C4F /* level1.board */,
				D8B274F60F148797001844D6 /* mega.png */,
				D8B274DE0F145DF1001844D6 /* mini.png */,
				D8B2744C0F142B5E001844D6 /* player.png */,
				D82BFAEC0EBE801200E65BAF /* Default.png */,
				D81B5A3D0EB52192002A40E7 /* BattleMintsIcon.png */,
				28AD733E0D9D9553002E5188 /* MainWindow.xib */,
				8D1107310486CEB800E47090 /* Info.plist */,
				D8B2743B0F14195D001844D6 /* Entitlements.plist */,
			);
			name = Resources;
			sourceTree = "<group>";
		};
		29B97323FDCFA39411CA2CEA /* Frameworks */ = {
			isa = PBXGroup;
			children = (
				D84C2AB10EDD24180000DE73 /* OpenAL.framework */,
				D81B5AE60EB68693002A40E7 /* CoreGraphics.framework */,
				28FD15070DC6FC5B0079059D /* QuartzCore.framework */,
				28FD14FF0DC6FC520079059D /* OpenGLES.framework */,
				1DF5F4DF0D08C38300B7A737 /* UIKit.framework */,
				1D30AB110D05D00D00671497 /* Foundation.framework */,
			);
			name = Frameworks;
			sourceTree = "<group>";
		};
		D8122DEC0EE9C08A00A0AD25 /* Test */ = {
			isa = PBXGroup;
			children = (
				D8122DED0EE9C0AC00A0AD25 /* synthtest.cpp */,
			);
			name = Test;
			sourceTree = "<group>";
		};
		D82BFC860EC1829100E65BAF /* lib_json */ = {
			isa = PBXGroup;
			children = (
				D82BFC8A0EC1829100E65BAF /* json_reader.cpp */,
				D82BFC8B0EC1829100E65BAF /* json_value.cpp */,
				D82BFC8D0EC1829100E65BAF /* json_writer.cpp */,
			);
			name = lib_json;
			path = jsoncpp/src/lib_json;
			sourceTree = "<group>";
		};
/* End PBXGroup section */

/* Begin PBXNativeTarget section */
		1D6058900D05DD3D006BFB54 /* BattleMints */ = {
			isa = PBXNativeTarget;
			buildConfigurationList = 1D6058960D05DD3E006BFB54 /* Build configuration list for PBXNativeTarget "BattleMints" */;
			buildPhases = (
				1D60588D0D05DD3D006BFB54 /* Resources */,
				1D60588E0D05DD3D006BFB54 /* Sources */,
				1D60588F0D05DD3D006BFB54 /* Frameworks */,
			);
			buildRules = (
			);
			dependencies = (
			);
			name = BattleMints;
			productName = BattleMints;
			productReference = 1D6058910D05DD3D006BFB54 /* BattleMints.app */;
			productType = "com.apple.product-type.application";
		};
/* End PBXNativeTarget section */

/* Begin PBXProject section */
		29B97313FDCFA39411CA2CEA /* Project object */ = {
			isa = PBXProject;
			buildConfigurationList = C01FCF4E08A954540054247B /* Build configuration list for PBXProject "BattleMints" */;
			compatibilityVersion = "Xcode 3.1";
			hasScannedForEncodings = 1;
			mainGroup = 29B97314FDCFA39411CA2CEA /* CustomTemplate */;
			projectDirPath = "";
			projectRoot = "";
			targets = (
				1D6058900D05DD3D006BFB54 /* BattleMints */,
			);
		};
/* End PBXProject section */

/* Begin PBXResourcesBuildPhase section */
		1D60588D0D05DD3D006BFB54 /* Resources */ = {
			isa = PBXResourcesBuildPhase;
			buildActionMask = 2147483647;
			files = (
				28AD733F0D9D9553002E5188 /* MainWindow.xib in Resources */,
				D81B5A3E0EB52192002A40E7 /* BattleMintsIcon.png in Resources */,
				D82BFAED0EBE801200E65BAF /* Default.png in Resources */,
				D8B2743C0F14195D001844D6 /* Entitlements.plist in Resources */,
				D8B2744D0F142B5E001844D6 /* player.png in Resources */,
				D8B274DF0F145DF1001844D6 /* mini.png in Resources */,
				D8B274F70F148797001844D6 /* mega.png in Resources */,
				D8FA4F5C0F5F404000FC3C4F /* hub.board in Resources */,
				D8FA4F5D0F5F404000FC3C4F /* level1.board in Resources */,
				D8FA4FD70F5F7A5500FC3C4F /* signs.png in Resources */,
				D8A2F3FB0F609A8700583C9A /* tail.board in Resources */,
				D8A2F4210F62F47A00583C9A /* level2.board in Resources */,
			);
			runOnlyForDeploymentPostprocessing = 0;
		};
/* End PBXResourcesBuildPhase section */

/* Begin PBXSourcesBuildPhase section */
		1D60588E0D05DD3D006BFB54 /* Sources */ = {
			isa = PBXSourcesBuildPhase;
			buildActionMask = 2147483647;
			files = (
				1D60589B0D05DD56006BFB54 /* main.m in Sources */,
				1D3623260D0F684500981E51 /* BattleMintsAppDelegate.m in Sources */,
				28FD14FE0DC6FC130079059D /* BattleMintsView.m in Sources */,
				D81B5A880EB53F68002A40E7 /* battlemints.cpp in Sources */,
				D81B5BAB0EB7B43E002A40E7 /* collision.cpp in Sources */,
				D81A115A0EBCD00800283428 /* grid.cpp in Sources */,
				D81A115B0EBCD00800283428 /* board.cpp in Sources */,
				D82BFB550EBEE72B00E65BAF /* intro.cpp in Sources */,
				D82BFB560EBEE72B00E65BAF /* drawing.mm in Sources */,
				D82BFBAD0EBF7AFD00E65BAF /* controller.cpp in Sources */,
				D82BFC920EC1829100E65BAF /* json_reader.cpp in Sources */,
				D82BFC930EC1829100E65BAF /* json_value.cpp in Sources */,
				D82BFC950EC1829100E65BAF /* json_writer.cpp in Sources */,
				D86F03360EC4C292004F03F8 /* serialization.mm in Sources */,
				D84C2A830EDD1FBE0000DE73 /* sound_server.cpp in Sources */,
				D8122CEA0EE10BD400A0AD25 /* sound_effects.cpp in Sources */,
				D8122E7C0EE9C5AC00A0AD25 /* game.cpp in Sources */,
				D8F80CD80F05DC62002ACC03 /* transition.cpp in Sources */,
				D8F80CF10F071FB7002ACC03 /* ply_file.cpp in Sources */,
				D8B2722B0F09D89C001844D6 /* rply.c in Sources */,
				D8B272510F09DDBE001844D6 /* board_loader.mm in Sources */,
				D8B272C20F0C8A89001844D6 /* dramatis_personae.cpp in Sources */,
				D8B272D20F0C8FFC001844D6 /* thing.cpp in Sources */,
				D8B272FF0F0D4C32001844D6 /* particles.cpp in Sources */,
				D8040BFE0F3A583400EE5D8B /* tiles.cpp in Sources */,
				D8EA4CA20F4DB71E0077124F /* renderers.cpp in Sources */,
				D8FA4F1C0F5F195200FC3C4F /* decorations.cpp in Sources */,
				D8FA4F1D0F5F195200FC3C4F /* tripwire.cpp in Sources */,
				D8FA4F500F5F359E00FC3C4F /* walls.cpp in Sources */,
			);
			runOnlyForDeploymentPostprocessing = 0;
		};
/* End PBXSourcesBuildPhase section */

/* Begin XCBuildConfiguration section */
		1D6058940D05DD3E006BFB54 /* Debug */ = {
			isa = XCBuildConfiguration;
			buildSettings = {
				ALWAYS_SEARCH_USER_PATHS = NO;
				CODE_SIGN_ENTITLEMENTS = "";
				"CODE_SIGN_IDENTITY[sdk=iphoneos*]" = "iPhone Developer: Joseph Groff";
				COPY_PHASE_STRIP = NO;
				GCC_DYNAMIC_NO_PIC = NO;
				GCC_FAST_MATH = YES;
				GCC_OPTIMIZATION_LEVEL = 3;
				GCC_PRECOMPILE_PREFIX_HEADER = YES;
				GCC_PREFIX_HEADER = BattleMints_Prefix.pch;
				GCC_THUMB_SUPPORT = NO;
				HEADER_SEARCH_PATHS = (
					jsoncpp/include,
					rply,
					/opt/local/include,
				);
				INFOPLIST_FILE = Info.plist;
				PRODUCT_NAME = BattleMints;
				"PROVISIONING_PROFILE[sdk=iphoneos*]" = "0A6248A4-DEBA-4D46-BFE5-05BCBFD68EE4";
				SDKROOT = iphoneos2.0;
			};
			name = Debug;
		};
		1D6058950D05DD3E006BFB54 /* Release */ = {
			isa = XCBuildConfiguration;
			buildSettings = {
				ALWAYS_SEARCH_USER_PATHS = NO;
				CODE_SIGN_ENTITLEMENTS = Entitlements.plist;
				"CODE_SIGN_IDENTITY[sdk=iphoneos*]" = "iPhone Distribution: Joseph Groff";
				COPY_PHASE_STRIP = YES;
				GCC_OPTIMIZATION_LEVEL = 3;
				GCC_PRECOMPILE_PREFIX_HEADER = YES;
				GCC_PREFIX_HEADER = BattleMints_Prefix.pch;
				GCC_THUMB_SUPPORT = NO;
				HEADER_SEARCH_PATHS = (
					jsoncpp/include,
					rply,
					/opt/local/include,
				);
				INFOPLIST_FILE = Info.plist;
				PRODUCT_NAME = BattleMints;
				"PROVISIONING_PROFILE[sdk=iphoneos*]" = "C74B0FFE-B21A-4BA0-810F-01F2FB14479E";
			};
			name = Release;
		};
		C01FCF4F08A954540054247B /* Debug */ = {
			isa = XCBuildConfiguration;
			buildSettings = {
				ARCHS = "$(ARCHS_STANDARD_32_BIT)";
				GCC_C_LANGUAGE_STANDARD = c99;
				GCC_WARN_ABOUT_RETURN_TYPE = YES;
				GCC_WARN_UNUSED_VARIABLE = YES;
				HEADER_SEARCH_PATHS = (
					rply,
					jsoncpp/include,
					/opt/local/include,
				);
				ONLY_ACTIVE_ARCH = YES;
				PREBINDING = NO;
				SDKROOT = iphoneos2.2;
			};
			name = Debug;
		};
		C01FCF5008A954540054247B /* Release */ = {
			isa = XCBuildConfiguration;
			buildSettings = {
				ARCHS = "$(ARCHS_STANDARD_32_BIT)";
				"CODE_SIGN_IDENTITY[sdk=iphoneos*]" = "iPhone Developer";
				GCC_C_LANGUAGE_STANDARD = c99;
				GCC_WARN_ABOUT_RETURN_TYPE = YES;
				GCC_WARN_UNUSED_VARIABLE = YES;
				PREBINDING = NO;
				SDKROOT = iphoneos2.2;
			};
			name = Release;
		};
		D832C3E80F36A9830077C7F3 /* Debug Unoptimized */ = {
			isa = XCBuildConfiguration;
			buildSettings = {
				ARCHS = "$(ARCHS_STANDARD_32_BIT)";
				GCC_C_LANGUAGE_STANDARD = c99;
				GCC_WARN_ABOUT_RETURN_TYPE = YES;
				GCC_WARN_UNUSED_VARIABLE = YES;
				HEADER_SEARCH_PATHS = (
					rply,
					jsoncpp/include,
					/opt/local/include,
				);
				ONLY_ACTIVE_ARCH = YES;
				PREBINDING = NO;
				SDKROOT = iphoneos2.2;
			};
			name = "Debug Unoptimized";
		};
		D832C3E90F36A9830077C7F3 /* Debug Unoptimized */ = {
			isa = XCBuildConfiguration;
			buildSettings = {
				ALWAYS_SEARCH_USER_PATHS = NO;
				CODE_SIGN_ENTITLEMENTS = "";
				"CODE_SIGN_IDENTITY[sdk=iphoneos*]" = "iPhone Developer: Joseph Groff";
				COPY_PHASE_STRIP = NO;
				GCC_DYNAMIC_NO_PIC = NO;
				GCC_FAST_MATH = YES;
				GCC_OPTIMIZATION_LEVEL = 0;
				GCC_PRECOMPILE_PREFIX_HEADER = YES;
				GCC_PREFIX_HEADER = BattleMints_Prefix.pch;
				GCC_THUMB_SUPPORT = NO;
				HEADER_SEARCH_PATHS = (
					jsoncpp/include,
					rply,
					/opt/local/include,
				);
				INFOPLIST_FILE = Info.plist;
				PRODUCT_NAME = BattleMints;
				"PROVISIONING_PROFILE[sdk=iphoneos*]" = "0A6248A4-DEBA-4D46-BFE5-05BCBFD68EE4";
				SDKROOT = iphoneos2.0;
			};
			name = "Debug Unoptimized";
		};
/* End XCBuildConfiguration section */

/* Begin XCConfigurationList section */
		1D6058960D05DD3E006BFB54 /* Build configuration list for PBXNativeTarget "BattleMints" */ = {
			isa = XCConfigurationList;
			buildConfigurations = (
				1D6058940D05DD3E006BFB54 /* Debug */,
				D832C3E90F36A9830077C7F3 /* Debug Unoptimized */,
				1D6058950D05DD3E006BFB54 /* Release */,
			);
			defaultConfigurationIsVisible = 0;
			defaultConfigurationName = Release;
		};
		C01FCF4E08A954540054247B /* Build configuration list for PBXProject "BattleMints" */ = {
			isa = XCConfigurationList;
			buildConfigurations = (
				C01FCF4F08A954540054247B /* Debug */,
				D832C3E80F36A9830077C7F3 /* Debug Unoptimized */,
				C01FCF5008A954540054247B /* Release */,
			);
			defaultConfigurationIsVisible = 0;
			defaultConfigurationName = Release;
		};
/* End XCConfigurationList section */
	};
	rootObject = 29B97313FDCFA39411CA2CEA /* Project object */;
}
